
Microsoft Visual Studio Solution File, Format Version 12.00
# Visual Studio Version 16
VisualStudioVersion = 16.0.31424.327
MinimumVisualStudioVersion = 10.0.40219.1
Project("{FAE04EC0-301F-11D3-BF4B-00C04F79EFBC}") = "Peco", "Peco\Peco.csproj", "{39A9A05B-7012-4F7A-AFE4-ED946FA2D0F8}"
EndProject
Global
	GlobalSection(SolutionConfigurationPlatforms) = preSolution
		Debug|Any CPU = Debug|Any CPU
		Release|Any CPU = Release|Any CPU
	EndGlobalSection
	GlobalSection(ProjectConfigurationPlatforms) = postSolution
		{39A9A05B-7012-4F7A-AFE4-ED946FA2D0F8}.Debug|Any CPU.ActiveCfg = Debug|Any CPU
		{39A9A05B-7012-4F7A-AFE4-ED946FA2D0F8}.Debug|Any CPU.Build.0 = Debug|Any CPU
		{39A9A05B-7012-4F7A-AFE4-ED946FA2D0F8}.Release|Any CPU.ActiveCfg = Release|Any CPU
		{39A9A05B-7012-4F7A-AFE4-ED946FA2D0F8}.Release|Any CPU.Build.0 = Release|Any CPU
	EndGlobalSection
	GlobalSection(SolutionProperties) = preSolution
		HideSolutionNode = FALSE
	EndGlobalSection
	GlobalSection(ExtensibilityGlobals) = postSolution
		SolutionGuid = {8F00F0A3-CC8F-4002-B2A3-25DD1FE14511}
	EndGlobalSection
EndGlobal
